{
  "version": 4,
  "terraform_version": "1.1.7",
  "serial": 3,
  "lineage": "8b44c400-1050-4815-aeaa-4aebcb2f230a",
  "outputs": {
    "tf-state-bucket-name": {
      "value": "my-tf-state-bucket-prasad",
      "type": "string"
    }
  },
  "resources": [
    {
      "mode": "managed",
      "type": "aws_s3_bucket",
      "name": "terraform_state",
      "provider": "provider[\"registry.terraform.io/hashicorp/aws\"]",
      "instances": [
        {
          "schema_version": 0,
          "attributes": {
            "acceleration_status": "",
            "acl": "private",
            "arn": "arn:aws:s3:::my-tf-state-bucket-prasad",
            "bucket": "my-tf-state-bucket-prasad",
            "bucket_domain_name": "my-tf-state-bucket-prasad.s3.amazonaws.com",
            "bucket_prefix": null,
            "bucket_regional_domain_name": "my-tf-state-bucket-prasad.s3.us-west-2.amazonaws.com",
            "cors_rule": [],
            "force_destroy": true,
            "grant": [],
            "hosted_zone_id": "Z3BJ6K6RIION7M",
            "id": "my-tf-state-bucket-prasad",
            "lifecycle_rule": [],
            "logging": [],
            "object_lock_configuration": [],
            "object_lock_enabled": false,
            "policy": "",
            "region": "us-west-2",
            "replication_configuration": [],
            "request_payer": "BucketOwner",
            "server_side_encryption_configuration": [],
            "tags": {
              "Environment": "Development",
              "Name": "My bucket"
            },
            "tags_all": {
              "Environment": "Development",
              "Name": "My bucket"
            },
            "versioning": [
              {
                "enabled": false,
                "mfa_delete": false
              }
            ],
            "website": [],
            "website_domain": null,
            "website_endpoint": null
          },
          "sensitive_attributes": [],
          "private": "bnVsbA=="
        }
      ]
    },
    {
      "mode": "managed",
      "type": "aws_s3_bucket_acl",
      "name": "terraform_state_acl",
      "provider": "provider[\"registry.terraform.io/hashicorp/aws\"]",
      "instances": [
        {
          "schema_version": 0,
          "attributes": {
            "access_control_policy": [
              {
                "grant": [
                  {
                    "grantee": [
                      {
                        "display_name": "parker171995",
                        "email_address": "",
                        "id": "6f3a8d8036c4e0d7d71b7278c6985cc16dc541fc997bd43a162058c7b207ba0f",
                        "type": "CanonicalUser",
                        "uri": ""
                      }
                    ],
                    "permission": "FULL_CONTROL"
                  }
                ],
                "owner": [
                  {
                    "display_name": "parker171995",
                    "id": "6f3a8d8036c4e0d7d71b7278c6985cc16dc541fc997bd43a162058c7b207ba0f"
                  }
                ]
              }
            ],
            "acl": "private",
            "bucket": "my-tf-state-bucket-prasad",
            "expected_bucket_owner": "",
            "id": "my-tf-state-bucket-prasad,private"
          },
          "sensitive_attributes": [],
          "private": "bnVsbA==",
          "dependencies": [
            "aws_s3_bucket.terraform_state"
          ]
        }
      ]
    }
  ]
}
